<?xml version="1.0" encoding="utf-8"?>
<Project ToolsVersion="4.0" xmlns="http://schemas.microsoft.com/developer/msbuild/2003">
  <ItemGroup>
    <Filter Include="SceneManager">
      <UniqueIdentifier>{0f34ed1a-43dc-4796-82fd-f7e077aeb0cb}</UniqueIdentifier>
    </Filter>
    <Filter Include="Playground Scenes">
      <UniqueIdentifier>{258028b0-1c47-4f8c-86b0-b197d31361c4}</UniqueIdentifier>
    </Filter>
    <Filter Include="Scenes">
      <UniqueIdentifier>{bfdb5e49-3fa5-493d-99aa-e5b234dcceba}</UniqueIdentifier>
    </Filter>
    <Filter Include="Other Source Files">
      <UniqueIdentifier>{4FC737F1-C7A5-4376-A066-2A32D752A2FF}</UniqueIdentifier>
      <Extensions>cpp;c;cc;cxx;def;odl;idl;hpj;bat;asm;asmx</Extensions>
    </Filter>
    <Filter Include="Loading Files">
      <UniqueIdentifier>{8792d972-4fd6-46c8-9120-64dc7ab17904}</UniqueIdentifier>
    </Filter>
    <Filter Include="Light&amp;Material">
      <UniqueIdentifier>{7827602b-0d04-4337-b5b9-2ff14af60746}</UniqueIdentifier>
    </Filter>
    <Filter Include="Camera">
      <UniqueIdentifier>{0f2a99a5-7e23-4d21-936a-2088cbbaa1f1}</UniqueIdentifier>
    </Filter>
    <Filter Include="GameObject">
      <UniqueIdentifier>{0d6d874b-83a2-4ecc-9c67-d702bc2b8ac9}</UniqueIdentifier>
    </Filter>
    <Filter Include="Other Header Files">
      <UniqueIdentifier>{93995380-89BD-4b04-88EB-625FBE52EBFB}</UniqueIdentifier>
      <Extensions>h;hh;hpp;hxx;hm;inl;inc;xsd</Extensions>
    </Filter>
    <Filter Include="Scene UI">
      <UniqueIdentifier>{2b1f645a-6035-4b6f-91d7-e4d04b5ce3da}</UniqueIdentifier>
    </Filter>
    <Filter Include="Classes/Functions">
      <UniqueIdentifier>{b03f6205-05c9-4917-a9b3-8925570cbed7}</UniqueIdentifier>
    </Filter>
  </ItemGroup>
  <ItemGroup>
    <ClCompile Include="Source\Application.cpp">
      <Filter>Other Source Files</Filter>
    </ClCompile>
    <ClCompile Include="Source\main.cpp">
      <Filter>Other Source Files</Filter>
    </ClCompile>
    <ClCompile Include="Source\shader.cpp">
      <Filter>Other Source Files</Filter>
    </ClCompile>
    <ClCompile Include="Source\Utility.cpp">
      <Filter>Other Source Files</Filter>
    </ClCompile>
    <ClCompile Include="Source\SceneCollision.cpp">
      <Filter>Playground Scenes</Filter>
    </ClCompile>
    <ClCompile Include="Source\SceneKinematics.cpp">
      <Filter>Playground Scenes</Filter>
    </ClCompile>
    <ClCompile Include="Source\SceneBase.cpp">
      <Filter>Scenes</Filter>
    </ClCompile>
    <ClCompile Include="Source\Camera.cpp">
      <Filter>Camera</Filter>
    </ClCompile>
    <ClCompile Include="Source\GameObject.cpp">
      <Filter>GameObject</Filter>
    </ClCompile>
    <ClCompile Include="Source\LoadOBJ.cpp">
      <Filter>Loading Files</Filter>
    </ClCompile>
    <ClCompile Include="Source\LoadTGA.cpp">
      <Filter>Loading Files</Filter>
    </ClCompile>
    <ClCompile Include="Source\Mesh.cpp">
      <Filter>GameObject</Filter>
    </ClCompile>
    <ClCompile Include="Source\MeshBuilder.cpp">
      <Filter>GameObject</Filter>
    </ClCompile>
    <ClCompile Include="Source\SceneAsteroid.cpp">
      <Filter>Playground Scenes</Filter>
    </ClCompile>
    <ClCompile Include="Source\LoadCSV.cpp">
      <Filter>Loading Files</Filter>
    </ClCompile>
    <ClCompile Include="Source\SceneManager.cpp">
      <Filter>SceneManager</Filter>
    </ClCompile>
    <ClCompile Include="Source\SceneHighScore.cpp">
      <Filter>Scene UI</Filter>
    </ClCompile>
    <ClCompile Include="Source\ClassHighScore.cpp">
      <Filter>Classes/Functions</Filter>
    </ClCompile>
    <ClCompile Include="Source\QuickSort.cpp">
      <Filter>Classes/Functions</Filter>
    </ClCompile>
    <ClCompile Include="Source\SceneMainMenu.cpp">
      <Filter>Scene UI</Filter>
    </ClCompile>
  </ItemGroup>
  <ItemGroup>
    <ClInclude Include="Source\Application.h">
      <Filter>Other Header Files</Filter>
    </ClInclude>
    <ClInclude Include="Source\Scene.h">
      <Filter>Other Header Files</Filter>
    </ClInclude>
    <ClInclude Include="Source\shader.hpp">
      <Filter>Other Header Files</Filter>
    </ClInclude>
    <ClInclude Include="Source\Utility.h">
      <Filter>Other Header Files</Filter>
    </ClInclude>
    <ClInclude Include="Source\Vertex.h">
      <Filter>Other Header Files</Filter>
    </ClInclude>
    <ClInclude Include="Source\SceneCollision.h">
      <Filter>Playground Scenes</Filter>
    </ClInclude>
    <ClInclude Include="Source\SceneKinematics.h">
      <Filter>Playground Scenes</Filter>
    </ClInclude>
    <ClInclude Include="Source\SceneBase.h">
      <Filter>Scenes</Filter>
    </ClInclude>
    <ClInclude Include="Source\LoadOBJ.h">
      <Filter>Loading Files</Filter>
    </ClInclude>
    <ClInclude Include="Source\LoadTGA.h">
      <Filter>Loading Files</Filter>
    </ClInclude>
    <ClInclude Include="Source\Camera.h">
      <Filter>Camera</Filter>
    </ClInclude>
    <ClInclude Include="Source\Material.h">
      <Filter>Light&amp;Material</Filter>
    </ClInclude>
    <ClInclude Include="Source\Light.h">
      <Filter>Light&amp;Material</Filter>
    </ClInclude>
    <ClInclude Include="Source\GameObject.h">
      <Filter>GameObject</Filter>
    </ClInclude>
    <ClInclude Include="Source\Mesh.h">
      <Filter>GameObject</Filter>
    </ClInclude>
    <ClInclude Include="Source\MeshBuilder.h">
      <Filter>GameObject</Filter>
    </ClInclude>
    <ClInclude Include="Source\SceneAsteroid.h">
      <Filter>Playground Scenes</Filter>
    </ClInclude>
    <ClInclude Include="Source\LoadCSV.h">
      <Filter>Loading Files</Filter>
    </ClInclude>
    <ClInclude Include="Source\SceneManager.h">
      <Filter>SceneManager</Filter>
    </ClInclude>
    <ClInclude Include="Source\SceneHighScore.h">
      <Filter>Scene UI</Filter>
    </ClInclude>
    <ClInclude Include="Source\ClassHighScore.h">
      <Filter>Classes/Functions</Filter>
    </ClInclude>
    <ClInclude Include="Source\QuickSort.h">
      <Filter>Classes/Functions</Filter>
    </ClInclude>
    <ClInclude Include="Source\SceneMainMenu.h">
      <Filter>Scene UI</Filter>
    </ClInclude>
  </ItemGroup>
</Project>